// !$*UTF8*$!
{
	archiveVersion = 1;
	classes = {
	};
	objectVersion = 50;
	objects = {

/* Begin PBXBuildFile section */
		0841B6CF23893EC100B1CEA5 /* AppDelegate.swift in Sources */ = {isa = PBXBuildFile; fileRef = 0841B6CE23893EC100B1CEA5 /* AppDelegate.swift */; };
		0841B6D123893EC100B1CEA5 /* SceneDelegate.swift in Sources */ = {isa = PBXBuildFile; fileRef = 0841B6D023893EC100B1CEA5 /* SceneDelegate.swift */; };
		0841B6D323893EC100B1CEA5 /* LandmarkDetail.swift in Sources */ = {isa = PBXBuildFile; fileRef = 0841B6D223893EC100B1CEA5 /* LandmarkDetail.swift */; };
		0841B6D523893EC300B1CEA5 /* Assets.xcassets in Resources */ = {isa = PBXBuildFile; fileRef = 0841B6D423893EC300B1CEA5 /* Assets.xcassets */; };
		0841B6D823893EC300B1CEA5 /* Preview Assets.xcassets in Resources */ = {isa = PBXBuildFile; fileRef = 0841B6D723893EC300B1CEA5 /* Preview Assets.xcassets */; };
		0841B6DB23893EC300B1CEA5 /* LaunchScreen.storyboard in Resources */ = {isa = PBXBuildFile; fileRef = 0841B6D923893EC300B1CEA5 /* LaunchScreen.storyboard */; };
		0841B6E623893EC400B1CEA5 /* LandMarksTests.swift in Sources */ = {isa = PBXBuildFile; fileRef = 0841B6E523893EC400B1CEA5 /* LandMarksTests.swift */; };
		0841B6F123893EC400B1CEA5 /* LandMarksUITests.swift in Sources */ = {isa = PBXBuildFile; fileRef = 0841B6F023893EC400B1CEA5 /* LandMarksUITests.swift */; };
		08B650C4238ACCF8004D7B4D /* CircleImage.swift in Sources */ = {isa = PBXBuildFile; fileRef = 08B650C3238ACCF8004D7B4D /* CircleImage.swift */; };
		08B650C6238D6764004D7B4D /* MapView.swift in Sources */ = {isa = PBXBuildFile; fileRef = 08B650C5238D6764004D7B4D /* MapView.swift */; };
		08B650D6238D7B4C004D7B4D /* turtlerock.jpg in Resources */ = {isa = PBXBuildFile; fileRef = 08B650C9238D7B4C004D7B4D /* turtlerock.jpg */; };
		08B650D7238D7B4C004D7B4D /* silversalmoncreek.jpg in Resources */ = {isa = PBXBuildFile; fileRef = 08B650CA238D7B4C004D7B4D /* silversalmoncreek.jpg */; };
		08B650D8238D7B4C004D7B4D /* icybay.jpg in Resources */ = {isa = PBXBuildFile; fileRef = 08B650CB238D7B4C004D7B4D /* icybay.jpg */; };
		08B650D9238D7B4C004D7B4D /* lakemcdonald.jpg in Resources */ = {isa = PBXBuildFile; fileRef = 08B650CC238D7B4C004D7B4D /* lakemcdonald.jpg */; };
		08B650DA238D7B4C004D7B4D /* hiddenlake.jpg in Resources */ = {isa = PBXBuildFile; fileRef = 08B650CD238D7B4C004D7B4D /* hiddenlake.jpg */; };
		08B650DB238D7B4C004D7B4D /* twinlake.jpg in Resources */ = {isa = PBXBuildFile; fileRef = 08B650CE238D7B4C004D7B4D /* twinlake.jpg */; };
		08B650DC238D7B4C004D7B4D /* umbagog.jpg in Resources */ = {isa = PBXBuildFile; fileRef = 08B650CF238D7B4C004D7B4D /* umbagog.jpg */; };
		08B650DD238D7B4C004D7B4D /* landmarkData.json in Resources */ = {isa = PBXBuildFile; fileRef = 08B650D0238D7B4C004D7B4D /* landmarkData.json */; };
		08B650DE238D7B4C004D7B4D /* chincoteague.jpg in Resources */ = {isa = PBXBuildFile; fileRef = 08B650D1238D7B4C004D7B4D /* chincoteague.jpg */; };
		08B650E0238D7B4C004D7B4D /* stmarylake.jpg in Resources */ = {isa = PBXBuildFile; fileRef = 08B650D3238D7B4C004D7B4D /* stmarylake.jpg */; };
		08B650E1238D7B4C004D7B4D /* chilkoottrail.jpg in Resources */ = {isa = PBXBuildFile; fileRef = 08B650D4238D7B4C004D7B4D /* chilkoottrail.jpg */; };
		08B650E2238D7B4C004D7B4D /* rainbowlake.jpg in Resources */ = {isa = PBXBuildFile; fileRef = 08B650D5238D7B4C004D7B4D /* rainbowlake.jpg */; };
		08B650E5238D7D8C004D7B4D /* Data.swift in Sources */ = {isa = PBXBuildFile; fileRef = 08B650E4238D7D8C004D7B4D /* Data.swift */; };
		08B650E7238D7DF8004D7B4D /* Landmark.swift in Sources */ = {isa = PBXBuildFile; fileRef = 08B650E6238D7DF8004D7B4D /* Landmark.swift */; };
		08B650EA238DA07E004D7B4D /* LandmarkRow.swift in Sources */ = {isa = PBXBuildFile; fileRef = 08B650E9238DA07E004D7B4D /* LandmarkRow.swift */; };
		08B650EC238DA2B5004D7B4D /* LandmarkList.swift in Sources */ = {isa = PBXBuildFile; fileRef = 08B650EB238DA2B5004D7B4D /* LandmarkList.swift */; };
		08B650EE2392C1C3004D7B4D /* UserData.swift in Sources */ = {isa = PBXBuildFile; fileRef = 08B650ED2392C1C3004D7B4D /* UserData.swift */; };
		08B650F023954C7D004D7B4D /* BadgeBackground.swift in Sources */ = {isa = PBXBuildFile; fileRef = 08B650EF23954C7D004D7B4D /* BadgeBackground.swift */; };
		08B650F223954E4A004D7B4D /* HexagonParameters.swift in Sources */ = {isa = PBXBuildFile; fileRef = 08B650F123954E4A004D7B4D /* HexagonParameters.swift */; };
		08B650F423960211004D7B4D /* Badge.swift in Sources */ = {isa = PBXBuildFile; fileRef = 08B650F323960211004D7B4D /* Badge.swift */; };
		08B650F623960265004D7B4D /* BadgeSymbol.swift in Sources */ = {isa = PBXBuildFile; fileRef = 08B650F523960265004D7B4D /* BadgeSymbol.swift */; };
		08B650F8239605E5004D7B4D /* RotatedBadgeSymbol.swift in Sources */ = {isa = PBXBuildFile; fileRef = 08B650F7239605E5004D7B4D /* RotatedBadgeSymbol.swift */; };
		08B650FA23969654004D7B4D /* HikeView.swift in Sources */ = {isa = PBXBuildFile; fileRef = 08B650F923969654004D7B4D /* HikeView.swift */; };
		08B650FC23969700004D7B4D /* Hike.swift in Sources */ = {isa = PBXBuildFile; fileRef = 08B650FB23969700004D7B4D /* Hike.swift */; };
		08B650FE23969856004D7B4D /* HikeGraph.swift in Sources */ = {isa = PBXBuildFile; fileRef = 08B650FD23969856004D7B4D /* HikeGraph.swift */; };
		08B651002396AE64004D7B4D /* GraphCapsule.swift in Sources */ = {isa = PBXBuildFile; fileRef = 08B650FF2396AE64004D7B4D /* GraphCapsule.swift */; };
		08B651022396B093004D7B4D /* hikeData.json in Resources */ = {isa = PBXBuildFile; fileRef = 08B651012396B093004D7B4D /* hikeData.json */; };
		08B65104239C7376004D7B4D /* HikeDetail.swift in Sources */ = {isa = PBXBuildFile; fileRef = 08B65103239C7376004D7B4D /* HikeDetail.swift */; };
		08F91BBC23A5AF7900BD554F /* CategoryHome.swift in Sources */ = {isa = PBXBuildFile; fileRef = 08F91BBB23A5AF7900BD554F /* CategoryHome.swift */; };
		08F91BC023A5C72D00BD554F /* charleyrivers.jpg in Resources */ = {isa = PBXBuildFile; fileRef = 08F91BBF23A5C72D00BD554F /* charleyrivers.jpg */; };
/* End PBXBuildFile section */

/* Begin PBXContainerItemProxy section */
		0841B6E223893EC400B1CEA5 /* PBXContainerItemProxy */ = {
			isa = PBXContainerItemProxy;
			containerPortal = 0841B6C323893EC100B1CEA5 /* Project object */;
			proxyType = 1;
			remoteGlobalIDString = 0841B6CA23893EC100B1CEA5;
			remoteInfo = LandMarks;
		};
		0841B6ED23893EC400B1CEA5 /* PBXContainerItemProxy */ = {
			isa = PBXContainerItemProxy;
			containerPortal = 0841B6C323893EC100B1CEA5 /* Project object */;
			proxyType = 1;
			remoteGlobalIDString = 0841B6CA23893EC100B1CEA5;
			remoteInfo = LandMarks;
		};
/* End PBXContainerItemProxy section */

/* Begin PBXFileReference section */
		0841B6CB23893EC100B1CEA5 /* LandMarks.app */ = {isa = PBXFileReference; explicitFileType = wrapper.application; includeInIndex = 0; path = LandMarks.app; sourceTree = BUILT_PRODUCTS_DIR; };
		0841B6CE23893EC100B1CEA5 /* AppDelegate.swift */ = {isa = PBXFileReference; lastKnownFileType = sourcecode.swift; path = AppDelegate.swift; sourceTree = "<group>"; };
		0841B6D023893EC100B1CEA5 /* SceneDelegate.swift */ = {isa = PBXFileReference; lastKnownFileType = sourcecode.swift; path = SceneDelegate.swift; sourceTree = "<group>"; };
		0841B6D223893EC100B1CEA5 /* LandmarkDetail.swift */ = {isa = PBXFileReference; lastKnownFileType = sourcecode.swift; path = LandmarkDetail.swift; sourceTree = "<group>"; };
		0841B6D423893EC300B1CEA5 /* Assets.xcassets */ = {isa = PBXFileReference; lastKnownFileType = folder.assetcatalog; path = Assets.xcassets; sourceTree = "<group>"; };
		0841B6D723893EC300B1CEA5 /* Preview Assets.xcassets */ = {isa = PBXFileReference; lastKnownFileType = folder.assetcatalog; path = "Preview Assets.xcassets"; sourceTree = "<group>"; };
		0841B6DA23893EC300B1CEA5 /* Base */ = {isa = PBXFileReference; lastKnownFileType = file.storyboard; name = Base; path = Base.lproj/LaunchScreen.storyboard; sourceTree = "<group>"; };
		0841B6DC23893EC300B1CEA5 /* Info.plist */ = {isa = PBXFileReference; lastKnownFileType = text.plist.xml; path = Info.plist; sourceTree = "<group>"; };
		0841B6E123893EC400B1CEA5 /* LandMarksTests.xctest */ = {isa = PBXFileReference; explicitFileType = wrapper.cfbundle; includeInIndex = 0; path = LandMarksTests.xctest; sourceTree = BUILT_PRODUCTS_DIR; };
		0841B6E523893EC400B1CEA5 /* LandMarksTests.swift */ = {isa = PBXFileReference; lastKnownFileType = sourcecode.swift; path = LandMarksTests.swift; sourceTree = "<group>"; };
		0841B6E723893EC400B1CEA5 /* Info.plist */ = {isa = PBXFileReference; lastKnownFileType = text.plist.xml; path = Info.plist; sourceTree = "<group>"; };
		0841B6EC23893EC400B1CEA5 /* LandMarksUITests.xctest */ = {isa = PBXFileReference; explicitFileType = wrapper.cfbundle; includeInIndex = 0; path = LandMarksUITests.xctest; sourceTree = BUILT_PRODUCTS_DIR; };
		0841B6F023893EC400B1CEA5 /* LandMarksUITests.swift */ = {isa = PBXFileReference; lastKnownFileType = sourcecode.swift; path = LandMarksUITests.swift; sourceTree = "<group>"; };
		0841B6F223893EC400B1CEA5 /* Info.plist */ = {isa = PBXFileReference; lastKnownFileType = text.plist.xml; path = Info.plist; sourceTree = "<group>"; };
		08B650C3238ACCF8004D7B4D /* CircleImage.swift */ = {isa = PBXFileReference; lastKnownFileType = sourcecode.swift; path = CircleImage.swift; sourceTree = "<group>"; };
		08B650C5238D6764004D7B4D /* MapView.swift */ = {isa = PBXFileReference; lastKnownFileType = sourcecode.swift; path = MapView.swift; sourceTree = "<group>"; };
		08B650C9238D7B4C004D7B4D /* turtlerock.jpg */ = {isa = PBXFileReference; lastKnownFileType = image.jpeg; path = turtlerock.jpg; sourceTree = "<group>"; };
		08B650CA238D7B4C004D7B4D /* silversalmoncreek.jpg */ = {isa = PBXFileReference; lastKnownFileType = image.jpeg; path = silversalmoncreek.jpg; sourceTree = "<group>"; };
		08B650CB238D7B4C004D7B4D /* icybay.jpg */ = {isa = PBXFileReference; lastKnownFileType = image.jpeg; path = icybay.jpg; sourceTree = "<group>"; };
		08B650CC238D7B4C004D7B4D /* lakemcdonald.jpg */ = {isa = PBXFileReference; lastKnownFileType = image.jpeg; path = lakemcdonald.jpg; sourceTree = "<group>"; };
		08B650CD238D7B4C004D7B4D /* hiddenlake.jpg */ = {isa = PBXFileReference; lastKnownFileType = image.jpeg; path = hiddenlake.jpg; sourceTree = "<group>"; };
		08B650CE238D7B4C004D7B4D /* twinlake.jpg */ = {isa = PBXFileReference; lastKnownFileType = image.jpeg; path = twinlake.jpg; sourceTree = "<group>"; };
		08B650CF238D7B4C004D7B4D /* umbagog.jpg */ = {isa = PBXFileReference; lastKnownFileType = image.jpeg; path = umbagog.jpg; sourceTree = "<group>"; };
		08B650D0238D7B4C004D7B4D /* landmarkData.json */ = {isa = PBXFileReference; fileEncoding = 4; lastKnownFileType = text.json; path = landmarkData.json; sourceTree = "<group>"; };
		08B650D1238D7B4C004D7B4D /* chincoteague.jpg */ = {isa = PBXFileReference; lastKnownFileType = image.jpeg; path = chincoteague.jpg; sourceTree = "<group>"; };
		08B650D3238D7B4C004D7B4D /* stmarylake.jpg */ = {isa = PBXFileReference; lastKnownFileType = image.jpeg; path = stmarylake.jpg; sourceTree = "<group>"; };
		08B650D4238D7B4C004D7B4D /* chilkoottrail.jpg */ = {isa = PBXFileReference; lastKnownFileType = image.jpeg; path = chilkoottrail.jpg; sourceTree = "<group>"; };
		08B650D5238D7B4C004D7B4D /* rainbowlake.jpg */ = {isa = PBXFileReference; lastKnownFileType = image.jpeg; path = rainbowlake.jpg; sourceTree = "<group>"; };
		08B650E4238D7D8C004D7B4D /* Data.swift */ = {isa = PBXFileReference; lastKnownFileType = sourcecode.swift; path = Data.swift; sourceTree = "<group>"; };
		08B650E6238D7DF8004D7B4D /* Landmark.swift */ = {isa = PBXFileReference; lastKnownFileType = sourcecode.swift; path = Landmark.swift; sourceTree = "<group>"; };
		08B650E9238DA07E004D7B4D /* LandmarkRow.swift */ = {isa = PBXFileReference; lastKnownFileType = sourcecode.swift; path = LandmarkRow.swift; sourceTree = "<group>"; };
		08B650EB238DA2B5004D7B4D /* LandmarkList.swift */ = {isa = PBXFileReference; lastKnownFileType = sourcecode.swift; path = LandmarkList.swift; sourceTree = "<group>"; };
		08B650ED2392C1C3004D7B4D /* UserData.swift */ = {isa = PBXFileReference; lastKnownFileType = sourcecode.swift; path = UserData.swift; sourceTree = "<group>"; };
		08B650EF23954C7D004D7B4D /* BadgeBackground.swift */ = {isa = PBXFileReference; lastKnownFileType = sourcecode.swift; path = BadgeBackground.swift; sourceTree = "<group>"; };
		08B650F123954E4A004D7B4D /* HexagonParameters.swift */ = {isa = PBXFileReference; lastKnownFileType = sourcecode.swift; path = HexagonParameters.swift; sourceTree = "<group>"; };
		08B650F323960211004D7B4D /* Badge.swift */ = {isa = PBXFileReference; lastKnownFileType = sourcecode.swift; path = Badge.swift; sourceTree = "<group>"; };
		08B650F523960265004D7B4D /* BadgeSymbol.swift */ = {isa = PBXFileReference; lastKnownFileType = sourcecode.swift; path = BadgeSymbol.swift; sourceTree = "<group>"; };
		08B650F7239605E5004D7B4D /* RotatedBadgeSymbol.swift */ = {isa = PBXFileReference; lastKnownFileType = sourcecode.swift; path = RotatedBadgeSymbol.swift; sourceTree = "<group>"; };
		08B650F923969654004D7B4D /* HikeView.swift */ = {isa = PBXFileReference; lastKnownFileType = sourcecode.swift; path = HikeView.swift; sourceTree = "<group>"; };
		08B650FB23969700004D7B4D /* Hike.swift */ = {isa = PBXFileReference; lastKnownFileType = sourcecode.swift; path = Hike.swift; sourceTree = "<group>"; };
		08B650FD23969856004D7B4D /* HikeGraph.swift */ = {isa = PBXFileReference; lastKnownFileType = sourcecode.swift; path = HikeGraph.swift; sourceTree = "<group>"; };
		08B650FF2396AE64004D7B4D /* GraphCapsule.swift */ = {isa = PBXFileReference; lastKnownFileType = sourcecode.swift; path = GraphCapsule.swift; sourceTree = "<group>"; };
		08B651012396B093004D7B4D /* hikeData.json */ = {isa = PBXFileReference; fileEncoding = 4; lastKnownFileType = text.json; path = hikeData.json; sourceTree = "<group>"; };
		08B65103239C7376004D7B4D /* HikeDetail.swift */ = {isa = PBXFileReference; lastKnownFileType = sourcecode.swift; path = HikeDetail.swift; sourceTree = "<group>"; };
		08F91BBB23A5AF7900BD554F /* CategoryHome.swift */ = {isa = PBXFileReference; lastKnownFileType = sourcecode.swift; path = CategoryHome.swift; sourceTree = "<group>"; };
		08F91BBF23A5C72D00BD554F /* charleyrivers.jpg */ = {isa = PBXFileReference; lastKnownFileType = image.jpeg; path = charleyrivers.jpg; sourceTree = "<group>"; };
/* End PBXFileReference section */

/* Begin PBXFrameworksBuildPhase section */
		0841B6C823893EC100B1CEA5 /* Frameworks */ = {
			isa = PBXFrameworksBuildPhase;
			buildActionMask = 2147483647;
			files = (
			);
			runOnlyForDeploymentPostprocessing = 0;
		};
		0841B6DE23893EC400B1CEA5 /* Frameworks */ = {
			isa = PBXFrameworksBuildPhase;
			buildActionMask = 2147483647;
			files = (
			);
			runOnlyForDeploymentPostprocessing = 0;
		};
		0841B6E923893EC400B1CEA5 /* Frameworks */ = {
			isa = PBXFrameworksBuildPhase;
			buildActionMask = 2147483647;
			files = (
			);
			runOnlyForDeploymentPostprocessing = 0;
		};
/* End PBXFrameworksBuildPhase section */

/* Begin PBXGroup section */
		0841B6C223893EC100B1CEA5 = {
			isa = PBXGroup;
			children = (
				0841B6CD23893EC100B1CEA5 /* LandMarks */,
				0841B6E423893EC400B1CEA5 /* LandMarksTests */,
				0841B6EF23893EC400B1CEA5 /* LandMarksUITests */,
				0841B6CC23893EC100B1CEA5 /* Products */,
			);
			sourceTree = "<group>";
		};
		0841B6CC23893EC100B1CEA5 /* Products */ = {
			isa = PBXGroup;
			children = (
				0841B6CB23893EC100B1CEA5 /* LandMarks.app */,
				0841B6E123893EC400B1CEA5 /* LandMarksTests.xctest */,
				0841B6EC23893EC400B1CEA5 /* LandMarksUITests.xctest */,
			);
			name = Products;
			sourceTree = "<group>";
		};
		0841B6CD23893EC100B1CEA5 /* LandMarks */ = {
			isa = PBXGroup;
			children = (
				08B650E8238DA063004D7B4D /* Landmark Views */,
				08B650E3238D7D6E004D7B4D /* Models */,
				0841B6CE23893EC100B1CEA5 /* AppDelegate.swift */,
				0841B6D023893EC100B1CEA5 /* SceneDelegate.swift */,
				0841B6D223893EC100B1CEA5 /* LandmarkDetail.swift */,
				08B650F123954E4A004D7B4D /* HexagonParameters.swift */,
				08B650C7238D7A1C004D7B4D /* Supporting Views */,
				08B650C8238D7B4C004D7B4D /* Resources */,
				0841B6D423893EC300B1CEA5 /* Assets.xcassets */,
				0841B6D923893EC300B1CEA5 /* LaunchScreen.storyboard */,
				0841B6DC23893EC300B1CEA5 /* Info.plist */,
				0841B6D623893EC300B1CEA5 /* Preview Content */,
				08B650F923969654004D7B4D /* HikeView.swift */,
				08B65103239C7376004D7B4D /* HikeDetail.swift */,
				08F91BBB23A5AF7900BD554F /* CategoryHome.swift */,
			);
			path = LandMarks;
			sourceTree = "<group>";
		};
		0841B6D623893EC300B1CEA5 /* Preview Content */ = {
			isa = PBXGroup;
			children = (
				0841B6D723893EC300B1CEA5 /* Preview Assets.xcassets */,
			);
			path = "Preview Content";
			sourceTree = "<group>";
		};
		0841B6E423893EC400B1CEA5 /* LandMarksTests */ = {
			isa = PBXGroup;
			children = (
				0841B6E523893EC400B1CEA5 /* LandMarksTests.swift */,
				0841B6E723893EC400B1CEA5 /* Info.plist */,
			);
			path = LandMarksTests;
			sourceTree = "<group>";
		};
		0841B6EF23893EC400B1CEA5 /* LandMarksUITests */ = {
			isa = PBXGroup;
			children = (
				0841B6F023893EC400B1CEA5 /* LandMarksUITests.swift */,
				0841B6F223893EC400B1CEA5 /* Info.plist */,
			);
			path = LandMarksUITests;
			sourceTree = "<group>";
		};
		08B650C7238D7A1C004D7B4D /* Supporting Views */ = {
			isa = PBXGroup;
			children = (
				08B650C3238ACCF8004D7B4D /* CircleImage.swift */,
				08B650C5238D6764004D7B4D /* MapView.swift */,
				08B650F323960211004D7B4D /* Badge.swift */,
				08B650F523960265004D7B4D /* BadgeSymbol.swift */,
				08B650F7239605E5004D7B4D /* RotatedBadgeSymbol.swift */,
				08B650EF23954C7D004D7B4D /* BadgeBackground.swift */,
				08B650FD23969856004D7B4D /* HikeGraph.swift */,
				08B650FF2396AE64004D7B4D /* GraphCapsule.swift */,
			);
			path = "Supporting Views";
			sourceTree = "<group>";
		};
		08B650C8238D7B4C004D7B4D /* Resources */ = {
			isa = PBXGroup;
			children = (
				08B650D0238D7B4C004D7B4D /* landmarkData.json */,
				08B651012396B093004D7B4D /* hikeData.json */,
				08B650C9238D7B4C004D7B4D /* turtlerock.jpg */,
				08B650CA238D7B4C004D7B4D /* silversalmoncreek.jpg */,
				08B650D4238D7B4C004D7B4D /* chilkoottrail.jpg */,
				08B650D3238D7B4C004D7B4D /* stmarylake.jpg */,
				08B650CE238D7B4C004D7B4D /* twinlake.jpg */,
				08B650CC238D7B4C004D7B4D /* lakemcdonald.jpg */,
				08F91BBF23A5C72D00BD554F /* charleyrivers.jpg */,
				08B650CB238D7B4C004D7B4D /* icybay.jpg */,
				08B650D5238D7B4C004D7B4D /* rainbowlake.jpg */,
				08B650CD238D7B4C004D7B4D /* hiddenlake.jpg */,
				08B650D1238D7B4C004D7B4D /* chincoteague.jpg */,
				08B650CF238D7B4C004D7B4D /* umbagog.jpg */,
			);
			path = Resources;
			sourceTree = "<group>";
		};
		08B650E3238D7D6E004D7B4D /* Models */ = {
			isa = PBXGroup;
			children = (
				08B650E4238D7D8C004D7B4D /* Data.swift */,
				08B650E6238D7DF8004D7B4D /* Landmark.swift */,
				08B650ED2392C1C3004D7B4D /* UserData.swift */,
				08B650FB23969700004D7B4D /* Hike.swift */,
			);
			path = Models;
			sourceTree = "<group>";
		};
		08B650E8238DA063004D7B4D /* Landmark Views */ = {
			isa = PBXGroup;
			children = (
				08B650E9238DA07E004D7B4D /* LandmarkRow.swift */,
				08B650EB238DA2B5004D7B4D /* LandmarkList.swift */,
			);
			path = "Landmark Views";
			sourceTree = "<group>";
		};
/* End PBXGroup section */

/* Begin PBXNativeTarget section */
		0841B6CA23893EC100B1CEA5 /* LandMarks */ = {
			isa = PBXNativeTarget;
			buildConfigurationList = 0841B6F523893EC400B1CEA5 /* Build configuration list for PBXNativeTarget "LandMarks" */;
			buildPhases = (
				0841B6C723893EC100B1CEA5 /* Sources */,
				0841B6C823893EC100B1CEA5 /* Frameworks */,
				0841B6C923893EC100B1CEA5 /* Resources */,
			);
			buildRules = (
			);
			dependencies = (
			);
			name = LandMarks;
			productName = LandMarks;
			productReference = 0841B6CB23893EC100B1CEA5 /* LandMarks.app */;
			productType = "com.apple.product-type.application";
		};
		0841B6E023893EC400B1CEA5 /* LandMarksTests */ = {
			isa = PBXNativeTarget;
			buildConfigurationList = 0841B6F823893EC400B1CEA5 /* Build configuration list for PBXNativeTarget "LandMarksTests" */;
			buildPhases = (
				0841B6DD23893EC400B1CEA5 /* Sources */,
				0841B6DE23893EC400B1CEA5 /* Frameworks */,
				0841B6DF23893EC400B1CEA5 /* Resources */,
			);
			buildRules = (
			);
			dependencies = (
				0841B6E323893EC400B1CEA5 /* PBXTargetDependency */,
			);
			name = LandMarksTests;
			productName = LandMarksTests;
			productReference = 0841B6E123893EC400B1CEA5 /* LandMarksTests.xctest */;
			productType = "com.apple.product-type.bundle.unit-test";
		};
		0841B6EB23893EC400B1CEA5 /* LandMarksUITests */ = {
			isa = PBXNativeTarget;
			buildConfigurationList = 0841B6FB23893EC400B1CEA5 /* Build configuration list for PBXNativeTarget "LandMarksUITests" */;
			buildPhases = (
				0841B6E823893EC400B1CEA5 /* Sources */,
				0841B6E923893EC400B1CEA5 /* Frameworks */,
				0841B6EA23893EC400B1CEA5 /* Resources */,
			);
			buildRules = (
			);
			dependencies = (
				0841B6EE23893EC400B1CEA5 /* PBXTargetDependency */,
			);
			name = LandMarksUITests;
			productName = LandMarksUITests;
			productReference = 0841B6EC23893EC400B1CEA5 /* LandMarksUITests.xctest */;
			productType = "com.apple.product-type.bundle.ui-testing";
		};
/* End PBXNativeTarget section */

/* Begin PBXProject section */
		0841B6C323893EC100B1CEA5 /* Project object */ = {
			isa = PBXProject;
			attributes = {
				LastSwiftUpdateCheck = 1120;
				LastUpgradeCheck = 1120;
				ORGANIZATIONNAME = ykws;
				TargetAttributes = {
					0841B6CA23893EC100B1CEA5 = {
						CreatedOnToolsVersion = 11.2;
					};
					0841B6E023893EC400B1CEA5 = {
						CreatedOnToolsVersion = 11.2;
						TestTargetID = 0841B6CA23893EC100B1CEA5;
					};
					0841B6EB23893EC400B1CEA5 = {
						CreatedOnToolsVersion = 11.2;
						TestTargetID = 0841B6CA23893EC100B1CEA5;
					};
				};
			};
			buildConfigurationList = 0841B6C623893EC100B1CEA5 /* Build configuration list for PBXProject "LandMarks" */;
			compatibilityVersion = "Xcode 9.3";
			developmentRegion = en;
			hasScannedForEncodings = 0;
			knownRegions = (
				en,
				Base,
			);
			mainGroup = 0841B6C223893EC100B1CEA5;
			productRefGroup = 0841B6CC23893EC100B1CEA5 /* Products */;
			projectDirPath = "";
			projectRoot = "";
			targets = (
				0841B6CA23893EC100B1CEA5 /* LandMarks */,
				0841B6E023893EC400B1CEA5 /* LandMarksTests */,
				0841B6EB23893EC400B1CEA5 /* LandMarksUITests */,
			);
		};
/* End PBXProject section */

/* Begin PBXResourcesBuildPhase section */
		0841B6C923893EC100B1CEA5 /* Resources */ = {
			isa = PBXResourcesBuildPhase;
			buildActionMask = 2147483647;
			files = (
				08B650D9238D7B4C004D7B4D /* lakemcdonald.jpg in Resources */,
				08B650D7238D7B4C004D7B4D /* silversalmoncreek.jpg in Resources */,
				08B651022396B093004D7B4D /* hikeData.json in Resources */,
				08F91BC023A5C72D00BD554F /* charleyrivers.jpg in Resources */,
				08B650DD238D7B4C004D7B4D /* landmarkData.json in Resources */,
				08B650D6238D7B4C004D7B4D /* turtlerock.jpg in Resources */,
				0841B6DB23893EC300B1CEA5 /* LaunchScreen.storyboard in Resources */,
				08B650DC238D7B4C004D7B4D /* umbagog.jpg in Resources */,
				08B650E0238D7B4C004D7B4D /* stmarylake.jpg in Resources */,
				08B650DE238D7B4C004D7B4D /* chincoteague.jpg in Resources */,
				0841B6D823893EC300B1CEA5 /* Preview Assets.xcassets in Resources */,
				08B650D8238D7B4C004D7B4D /* icybay.jpg in Resources */,
				08B650DB238D7B4C004D7B4D /* twinlake.jpg in Resources */,
				08B650DA238D7B4C004D7B4D /* hiddenlake.jpg in Resources */,
				0841B6D523893EC300B1CEA5 /* Assets.xcassets in Resources */,
				08B650E2238D7B4C004D7B4D /* rainbowlake.jpg in Resources */,
				08B650E1238D7B4C004D7B4D /* chilkoottrail.jpg in Resources */,
			);
			runOnlyForDeploymentPostprocessing = 0;
		};
		0841B6DF23893EC400B1CEA5 /* Resources */ = {
			isa = PBXResourcesBuildPhase;
			buildActionMask = 2147483647;
			files = (
			);
			runOnlyForDeploymentPostprocessing = 0;
		};
		0841B6EA23893EC400B1CEA5 /* Resources */ = {
			isa = PBXResourcesBuildPhase;
			buildActionMask = 2147483647;
			files = (
			);
			runOnlyForDeploymentPostprocessing = 0;
		};
/* End PBXResourcesBuildPhase section */

/* Begin PBXSourcesBuildPhase section */
		0841B6C723893EC100B1CEA5 /* Sources */ = {
			isa = PBXSourcesBuildPhase;
			buildActionMask = 2147483647;
			files = (
				08B650FC23969700004D7B4D /* Hike.swift in Sources */,
				08F91BBC23A5AF7900BD554F /* CategoryHome.swift in Sources */,
				08B650FE23969856004D7B4D /* HikeGraph.swift in Sources */,
				08B650F223954E4A004D7B4D /* HexagonParameters.swift in Sources */,
				08B650E7238D7DF8004D7B4D /* Landmark.swift in Sources */,
				0841B6CF23893EC100B1CEA5 /* AppDelegate.swift in Sources */,
				08B650F023954C7D004D7B4D /* BadgeBackground.swift in Sources */,
				08B650E5238D7D8C004D7B4D /* Data.swift in Sources */,
				08B650FA23969654004D7B4D /* HikeView.swift in Sources */,
				08B650C4238ACCF8004D7B4D /* CircleImage.swift in Sources */,
				08B650EC238DA2B5004D7B4D /* LandmarkList.swift in Sources */,
				08B650F623960265004D7B4D /* BadgeSymbol.swift in Sources */,
				08B650F8239605E5004D7B4D /* RotatedBadgeSymbol.swift in Sources */,
				08B650C6238D6764004D7B4D /* MapView.swift in Sources */,
				0841B6D123893EC100B1CEA5 /* SceneDelegate.swift in Sources */,
				08B650EA238DA07E004D7B4D /* LandmarkRow.swift in Sources */,
				08B650EE2392C1C3004D7B4D /* UserData.swift in Sources */,
				08B650F423960211004D7B4D /* Badge.swift in Sources */,
				08B651002396AE64004D7B4D /* GraphCapsule.swift in Sources */,
				0841B6D323893EC100B1CEA5 /* LandmarkDetail.swift in Sources */,
				08B65104239C7376004D7B4D /* HikeDetail.swift in Sources */,
			);
			runOnlyForDeploymentPostprocessing = 0;
		};
		0841B6DD23893EC400B1CEA5 /* Sources */ = {
			isa = PBXSourcesBuildPhase;
			buildActionMask = 2147483647;
			files = (
				0841B6E623893EC400B1CEA5 /* LandMarksTests.swift in Sources */,
			);
			runOnlyForDeploymentPostprocessing = 0;
		};
		0841B6E823893EC400B1CEA5 /* Sources */ = {
			isa = PBXSourcesBuildPhase;
			buildActionMask = 2147483647;
			files = (
				0841B6F123893EC400B1CEA5 /* LandMarksUITests.swift in Sources */,
			);
			runOnlyForDeploymentPostprocessing = 0;
		};
/* End PBXSourcesBuildPhase section */

/* Begin PBXTargetDependency section */
		0841B6E323893EC400B1CEA5 /* PBXTargetDependency */ = {
			isa = PBXTargetDependency;
			target = 0841B6CA23893EC100B1CEA5 /* LandMarks */;
			targetProxy = 0841B6E223893EC400B1CEA5 /* PBXContainerItemProxy */;
		};
		0841B6EE23893EC400B1CEA5 /* PBXTargetDependency */ = {
			isa = PBXTargetDependency;
			target = 0841B6CA23893EC100B1CEA5 /* LandMarks */;
			targetProxy = 0841B6ED23893EC400B1CEA5 /* PBXContainerItemProxy */;
		};
/* End PBXTargetDependency section */

/* Begin PBXVariantGroup section */
		0841B6D923893EC300B1CEA5 /* LaunchScreen.storyboard */ = {
			isa = PBXVariantGroup;
			children = (
				0841B6DA23893EC300B1CEA5 /* Base */,
			);
			name = LaunchScreen.storyboard;
			sourceTree = "<group>";
		};
/* End PBXVariantGroup section */

/* Begin XCBuildConfiguration section */
		0841B6F323893EC400B1CEA5 /* Debug */ = {
			isa = XCBuildConfiguration;
			buildSettings = {
				ALWAYS_SEARCH_USER_PATHS = NO;
				CLANG_ANALYZER_NONNULL = YES;
				CLANG_ANALYZER_NUMBER_OBJECT_CONVERSION = YES_AGGRESSIVE;
				CLANG_CXX_LANGUAGE_STANDARD = "gnu++14";
				CLANG_CXX_LIBRARY = "libc++";
				CLANG_ENABLE_MODULES = YES;
				CLANG_ENABLE_OBJC_ARC = YES;
				CLANG_ENABLE_OBJC_WEAK = YES;
				CLANG_WARN_BLOCK_CAPTURE_AUTORELEASING = YES;
				CLANG_WARN_BOOL_CONVERSION = YES;
				CLANG_WARN_COMMA = YES;
				CLANG_WARN_CONSTANT_CONVERSION = YES;
				CLANG_WARN_DEPRECATED_OBJC_IMPLEMENTATIONS = YES;
				CLANG_WARN_DIRECT_OBJC_ISA_USAGE = YES_ERROR;
				CLANG_WARN_DOCUMENTATION_COMMENTS = YES;
				CLANG_WARN_EMPTY_BODY = YES;
				CLANG_WARN_ENUM_CONVERSION = YES;
				CLANG_WARN_INFINITE_RECURSION = YES;
				CLANG_WARN_INT_CONVERSION = YES;
				CLANG_WARN_NON_LITERAL_NULL_CONVERSION = YES;
				CLANG_WARN_OBJC_IMPLICIT_RETAIN_SELF = YES;
				CLANG_WARN_OBJC_LITERAL_CONVERSION = YES;
				CLANG_WARN_OBJC_ROOT_CLASS = YES_ERROR;
				CLANG_WARN_RANGE_LOOP_ANALYSIS = YES;
				CLANG_WARN_STRICT_PROTOTYPES = YES;
				CLANG_WARN_SUSPICIOUS_MOVE = YES;
				CLANG_WARN_UNGUARDED_AVAILABILITY = YES_AGGRESSIVE;
				CLANG_WARN_UNREACHABLE_CODE = YES;
				CLANG_WARN__DUPLICATE_METHOD_MATCH = YES;
				COPY_PHASE_STRIP = NO;
				DEBUG_INFORMATION_FORMAT = dwarf;
				ENABLE_STRICT_OBJC_MSGSEND = YES;
				ENABLE_TESTABILITY = YES;
				GCC_C_LANGUAGE_STANDARD = gnu11;
				GCC_DYNAMIC_NO_PIC = NO;
				GCC_NO_COMMON_BLOCKS = YES;
				GCC_OPTIMIZATION_LEVEL = 0;
				GCC_PREPROCESSOR_DEFINITIONS = (
					"DEBUG=1",
					"$(inherited)",
				);
				GCC_WARN_64_TO_32_BIT_CONVERSION = YES;
				GCC_WARN_ABOUT_RETURN_TYPE = YES_ERROR;
				GCC_WARN_UNDECLARED_SELECTOR = YES;
				GCC_WARN_UNINITIALIZED_AUTOS = YES_AGGRESSIVE;
				GCC_WARN_UNUSED_FUNCTION = YES;
				GCC_WARN_UNUSED_VARIABLE = YES;
				IPHONEOS_DEPLOYMENT_TARGET = 13.2;
				MTL_ENABLE_DEBUG_INFO = INCLUDE_SOURCE;
				MTL_FAST_MATH = YES;
				ONLY_ACTIVE_ARCH = YES;
				SDKROOT = iphoneos;
				SWIFT_ACTIVE_COMPILATION_CONDITIONS = DEBUG;
				SWIFT_OPTIMIZATION_LEVEL = "-Onone";
			};
			name = Debug;
		};
		0841B6F423893EC400B1CEA5 /* Release */ = {
			isa = XCBuildConfiguration;
			buildSettings = {
				ALWAYS_SEARCH_USER_PATHS = NO;
				CLANG_ANALYZER_NONNULL = YES;
				CLANG_ANALYZER_NUMBER_OBJECT_CONVERSION = YES_AGGRESSIVE;
				CLANG_CXX_LANGUAGE_STANDARD = "gnu++14";
				CLANG_CXX_LIBRARY = "libc++";
				CLANG_ENABLE_MODULES = YES;
				CLANG_ENABLE_OBJC_ARC = YES;
				CLANG_ENABLE_OBJC_WEAK = YES;
				CLANG_WARN_BLOCK_CAPTURE_AUTORELEASING = YES;
				CLANG_WARN_BOOL_CONVERSION = YES;
				CLANG_WARN_COMMA = YES;
				CLANG_WARN_CONSTANT_CONVERSION = YES;
				CLANG_WARN_DEPRECATED_OBJC_IMPLEMENTATIONS = YES;
				CLANG_WARN_DIRECT_OBJC_ISA_USAGE = YES_ERROR;
				CLANG_WARN_DOCUMENTATION_COMMENTS = YES;
				CLANG_WARN_EMPTY_BODY = YES;
				CLANG_WARN_ENUM_CONVERSION = YES;
				CLANG_WARN_INFINITE_RECURSION = YES;
				CLANG_WARN_INT_CONVERSION = YES;
				CLANG_WARN_NON_LITERAL_NULL_CONVERSION = YES;
				CLANG_WARN_OBJC_IMPLICIT_RETAIN_SELF = YES;
				CLANG_WARN_OBJC_LITERAL_CONVERSION = YES;
				CLANG_WARN_OBJC_ROOT_CLASS = YES_ERROR;
				CLANG_WARN_RANGE_LOOP_ANALYSIS = YES;
				CLANG_WARN_STRICT_PROTOTYPES = YES;
				CLANG_WARN_SUSPICIOUS_MOVE = YES;
				CLANG_WARN_UNGUARDED_AVAILABILITY = YES_AGGRESSIVE;
				CLANG_WARN_UNREACHABLE_CODE = YES;
				CLANG_WARN__DUPLICATE_METHOD_MATCH = YES;
				COPY_PHASE_STRIP = NO;
				DEBUG_INFORMATION_FORMAT = "dwarf-with-dsym";
				ENABLE_NS_ASSERTIONS = NO;
				ENABLE_STRICT_OBJC_MSGSEND = YES;
				GCC_C_LANGUAGE_STANDARD = gnu11;
				GCC_NO_COMMON_BLOCKS = YES;
				GCC_WARN_64_TO_32_BIT_CONVERSION = YES;
				GCC_WARN_ABOUT_RETURN_TYPE = YES_ERROR;
				GCC_WARN_UNDECLARED_SELECTOR = YES;
				GCC_WARN_UNINITIALIZED_AUTOS = YES_AGGRESSIVE;
				GCC_WARN_UNUSED_FUNCTION = YES;
				GCC_WARN_UNUSED_VARIABLE = YES;
				IPHONEOS_DEPLOYMENT_TARGET = 13.2;
				MTL_ENABLE_DEBUG_INFO = NO;
				MTL_FAST_MATH = YES;
				SDKROOT = iphoneos;
				SWIFT_COMPILATION_MODE = wholemodule;
				SWIFT_OPTIMIZATION_LEVEL = "-O";
				VALIDATE_PRODUCT = YES;
			};
			name = Release;
		};
		0841B6F623893EC400B1CEA5 /* Debug */ = {
			isa = XCBuildConfiguration;
			buildSettings = {
				ASSETCATALOG_COMPILER_APPICON_NAME = AppIcon;
				CODE_SIGN_STYLE = Automatic;
				DEVELOPMENT_ASSET_PATHS = "\"LandMarks/Preview Content\"";
				DEVELOPMENT_TEAM = NYT8BVWJBJ;
				ENABLE_PREVIEWS = YES;
				INFOPLIST_FILE = LandMarks/Info.plist;
				LD_RUNPATH_SEARCH_PATHS = (
					"$(inherited)",
					"@executable_path/Frameworks",
				);
				PRODUCT_BUNDLE_IDENTIFIER = io.github.ykws.LandMarks;
				PRODUCT_NAME = "$(TARGET_NAME)";
				SWIFT_VERSION = 5.0;
				TARGETED_DEVICE_FAMILY = "1,2";
			};
			name = Debug;
		};
		0841B6F723893EC400B1CEA5 /* Release */ = {
			isa = XCBuildConfiguration;
			buildSettings = {
				ASSETCATALOG_COMPILER_APPICON_NAME = AppIcon;
				CODE_SIGN_STYLE = Automatic;
				DEVELOPMENT_ASSET_PATHS = "\"LandMarks/Preview Content\"";
				DEVELOPMENT_TEAM = NYT8BVWJBJ;
				ENABLE_PREVIEWS = YES;
				INFOPLIST_FILE = LandMarks/Info.plist;
				LD_RUNPATH_SEARCH_PATHS = (
					"$(inherited)",
					"@executable_path/Frameworks",
				);
				PRODUCT_BUNDLE_IDENTIFIER = io.github.ykws.LandMarks;
				PRODUCT_NAME = "$(TARGET_NAME)";
				SWIFT_VERSION = 5.0;
				TARGETED_DEVICE_FAMILY = "1,2";
			};
			name = Release;
		};
		0841B6F923893EC400B1CEA5 /* Debug */ = {
			isa = XCBuildConfiguration;
			buildSettings = {
				ALWAYS_EMBED_SWIFT_STANDARD_LIBRARIES = YES;
				BUNDLE_LOADER = "$(TEST_HOST)";
				CODE_SIGN_STYLE = Automatic;
				DEVELOPMENT_TEAM = NYT8BVWJBJ;
				INFOPLIST_FILE = LandMarksTests/Info.plist;
				IPHONEOS_DEPLOYMENT_TARGET = 13.2;
				LD_RUNPATH_SEARCH_PATHS = (
					"$(inherited)",
					"@executable_path/Frameworks",
					"@loader_path/Frameworks",
				);
				PRODUCT_BUNDLE_IDENTIFIER = io.github.ykws.LandMarksTests;
				PRODUCT_NAME = "$(TARGET_NAME)";
				SWIFT_VERSION = 5.0;
				TARGETED_DEVICE_FAMILY = "1,2";
				TEST_HOST = "$(BUILT_PRODUCTS_DIR)/LandMarks.app/LandMarks";
			};
			name = Debug;
		};
		0841B6FA23893EC400B1CEA5 /* Release */ = {
			isa = XCBuildConfiguration;
			buildSettings = {
				ALWAYS_EMBED_SWIFT_STANDARD_LIBRARIES = YES;
				BUNDLE_LOADER = "$(TEST_HOST)";
				CODE_SIGN_STYLE = Automatic;
				DEVELOPMENT_TEAM = NYT8BVWJBJ;
				INFOPLIST_FILE = LandMarksTests/Info.plist;
				IPHONEOS_DEPLOYMENT_TARGET = 13.2;
				LD_RUNPATH_SEARCH_PATHS = (
					"$(inherited)",
					"@executable_path/Frameworks",
					"@loader_path/Frameworks",
				);
				PRODUCT_BUNDLE_IDENTIFIER = io.github.ykws.LandMarksTests;
				PRODUCT_NAME = "$(TARGET_NAME)";
				SWIFT_VERSION = 5.0;
				TARGETED_DEVICE_FAMILY = "1,2";
				TEST_HOST = "$(BUILT_PRODUCTS_DIR)/LandMarks.app/LandMarks";
			};
			name = Release;
		};
		0841B6FC23893EC400B1CEA5 /* Debug */ = {
			isa = XCBuildConfiguration;
			buildSettings = {
				ALWAYS_EMBED_SWIFT_STANDARD_LIBRARIES = YES;
				CODE_SIGN_STYLE = Automatic;
				DEVELOPMENT_TEAM = NYT8BVWJBJ;
				INFOPLIST_FILE = LandMarksUITests/Info.plist;
				LD_RUNPATH_SEARCH_PATHS = (
					"$(inherited)",
					"@executable_path/Frameworks",
					"@loader_path/Frameworks",
				);
				PRODUCT_BUNDLE_IDENTIFIER = io.github.ykws.LandMarksUITests;
				PRODUCT_NAME = "$(TARGET_NAME)";
				SWIFT_VERSION = 5.0;
				TARGETED_DEVICE_FAMILY = "1,2";
				TEST_TARGET_NAME = LandMarks;
			};
			name = Debug;
		};
		0841B6FD23893EC400B1CEA5 /* Release */ = {
			isa = XCBuildConfiguration;
			buildSettings = {
				ALWAYS_EMBED_SWIFT_STANDARD_LIBRARIES = YES;
				CODE_SIGN_STYLE = Automatic;
				DEVELOPMENT_TEAM = NYT8BVWJBJ;
				INFOPLIST_FILE = LandMarksUITests/Info.plist;
				LD_RUNPATH_SEARCH_PATHS = (
					"$(inherited)",
					"@executable_path/Frameworks",
					"@loader_path/Frameworks",
				);
				PRODUCT_BUNDLE_IDENTIFIER = io.github.ykws.LandMarksUITests;
				PRODUCT_NAME = "$(TARGET_NAME)";
				SWIFT_VERSION = 5.0;
				TARGETED_DEVICE_FAMILY = "1,2";
				TEST_TARGET_NAME = LandMarks;
			};
			name = Release;
		};
/* End XCBuildConfiguration section */

/* Begin XCConfigurationList section */
		0841B6C623893EC100B1CEA5 /* Build configuration list for PBXProject "LandMarks" */ = {
			isa = XCConfigurationList;
			buildConfigurations = (
				0841B6F323893EC400B1CEA5 /* Debug */,
				0841B6F423893EC400B1CEA5 /* Release */,
			);
			defaultConfigurationIsVisible = 0;
			defaultConfigurationName = Release;
		};
		0841B6F523893EC400B1CEA5 /* Build configuration list for PBXNativeTarget "LandMarks" */ = {
			isa = XCConfigurationList;
			buildConfigurations = (
				0841B6F623893EC400B1CEA5 /* Debug */,
				0841B6F723893EC400B1CEA5 /* Release */,
			);
			defaultConfigurationIsVisible = 0;
			defaultConfigurationName = Release;
		};
		0841B6F823893EC400B1CEA5 /* Build configuration list for PBXNativeTarget "LandMarksTests" */ = {
			isa = XCConfigurationList;
			buildConfigurations = (
				0841B6F923893EC400B1CEA5 /* Debug */,
				0841B6FA23893EC400B1CEA5 /* Release */,
			);
			defaultConfigurationIsVisible = 0;
			defaultConfigurationName = Release;
		};
		0841B6FB23893EC400B1CEA5 /* Build configuration list for PBXNativeTarget "LandMarksUITests" */ = {
			isa = XCConfigurationList;
			buildConfigurations = (
				0841B6FC23893EC400B1CEA5 /* Debug */,
				0841B6FD23893EC400B1CEA5 /* Release */,
			);
			defaultConfigurationIsVisible = 0;
			defaultConfigurationName = Release;
		};
/* End XCConfigurationList section */
	};
	rootObject = 0841B6C323893EC100B1CEA5 /* Project object */;
}
